
Microsoft Visual Studio Solution File, Format Version 12.00
# Visual Studio Version 16
VisualStudioVersion = 16.0.30002.166
MinimumVisualStudioVersion = 10.0.40219.1
Project("{9A19103F-16F7-4668-BE54-9A1E7A4F7556}") = "UtilsRabbitmq", "UtilsRabbitmq\UtilsRabbitmq.csproj", "{D3A63D85-4710-40B0-8C77-9150FFB46261}"
EndProject
Project("{2150E333-8FDC-42A3-9474-1A3956D46DE8}") = "confirm", "confirm", "{75226399-4042-4990-9340-161420C4E917}"
EndProject
Project("{9A19103F-16F7-4668-BE54-9A1E7A4F7556}") = "confirmConsumer", "confirm\confirmConsumer\confirmConsumer.csproj", "{E6408325-40EC-449B-8365-B9EFE10B4BB2}"
EndProject
Project("{9A19103F-16F7-4668-BE54-9A1E7A4F7556}") = "confirmConsumer1", "confirm\confirmConsumer1\confirmConsumer1.csproj", "{8AF77C0C-A0F9-439E-80C6-78F25E65BAC0}"
EndProject
Project("{9A19103F-16F7-4668-BE54-9A1E7A4F7556}") = "confirmProducer", "confirm\confirmProducer\confirmProducer.csproj", "{8AD49217-FECA-49A6-B24A-C3B6C204AC20}"
EndProject
Project("{2150E333-8FDC-42A3-9474-1A3956D46DE8}") = "header", "header", "{FAA53492-B21F-44EF-9135-33915FBF1FD9}"
EndProject
Project("{9A19103F-16F7-4668-BE54-9A1E7A4F7556}") = "headerConsumer", "header\headerConsumer\headerConsumer.csproj", "{4FC7C5B0-15C8-49B9-86AA-B9EC3DBEA420}"
EndProject
Project("{9A19103F-16F7-4668-BE54-9A1E7A4F7556}") = "headerConsumer1", "header\headerConsumer1\headerConsumer1.csproj", "{56ACCFCA-9013-4531-B7C0-B44ABC1739F4}"
EndProject
Project("{9A19103F-16F7-4668-BE54-9A1E7A4F7556}") = "headerProducer", "header\headerProducer\headerProducer.csproj", "{9F0BF10B-3103-4249-A01C-DA33222C156D}"
EndProject
Project("{2150E333-8FDC-42A3-9474-1A3956D46DE8}") = "topic", "topic", "{0446CAB4-6E00-4D67-9505-43AD82B9B459}"
EndProject
Project("{9A19103F-16F7-4668-BE54-9A1E7A4F7556}") = "topicConsumer", "topic\topicConsumer\topicConsumer.csproj", "{05062144-8CC5-4411-9FE1-4E93D0D78D9D}"
EndProject
Project("{9A19103F-16F7-4668-BE54-9A1E7A4F7556}") = "topicConsumer1", "topic\topicConsumer1\topicConsumer1.csproj", "{283F2A68-0084-4C4C-8C52-23794CC786BD}"
EndProject
Project("{9A19103F-16F7-4668-BE54-9A1E7A4F7556}") = "topicProducer", "topic\topicProducer\topicProducer.csproj", "{BE6DF51F-8784-4E9D-BB70-6BE1767F6A86}"
EndProject
Project("{2150E333-8FDC-42A3-9474-1A3956D46DE8}") = "work", "work", "{BA3D3609-F59A-47B6-AEED-4A4731B07987}"
EndProject
Project("{9A19103F-16F7-4668-BE54-9A1E7A4F7556}") = "workConsumer", "work\workConsumer\workConsumer.csproj", "{9A66C07E-C465-4081-A276-B1588E14E99B}"
EndProject
Project("{9A19103F-16F7-4668-BE54-9A1E7A4F7556}") = "workConsumer1", "work\workConsumer1\workConsumer1.csproj", "{995D509C-FCF6-4C84-A463-509CFA4B77E8}"
EndProject
Project("{9A19103F-16F7-4668-BE54-9A1E7A4F7556}") = "workProducer", "work\workProducer\workProducer.csproj", "{B8C7A885-BFBE-48BA-B15A-28A8D4798FED}"
EndProject
Project("{2150E333-8FDC-42A3-9474-1A3956D46DE8}") = "publish", "publish", "{74B69A22-0170-451F-8774-854CBEF0F227}"
EndProject
Project("{9A19103F-16F7-4668-BE54-9A1E7A4F7556}") = "publishProducer", "publish\publishProducer\publishProducer.csproj", "{FAA6CEBE-23C9-430B-8580-C7644E1208CC}"
EndProject
Project("{9A19103F-16F7-4668-BE54-9A1E7A4F7556}") = "subscribeConsumer", "publish\subscribeConsumer\subscribeConsumer.csproj", "{F5A73B44-39D4-46C1-A24C-A82265256A8B}"
EndProject
Project("{9A19103F-16F7-4668-BE54-9A1E7A4F7556}") = "subscribeConsumer1", "publish\subscribeConsumer1\subscribeConsumer1.csproj", "{4CC8FDBF-DFA1-4B17-9447-5D55D79E4D8C}"
EndProject
Project("{2150E333-8FDC-42A3-9474-1A3956D46DE8}") = "direct", "direct", "{BE0CA6D3-DA3C-4949-A914-CD784AFFC998}"
EndProject
Project("{9A19103F-16F7-4668-BE54-9A1E7A4F7556}") = "directConsumer", "direct\directConsumer\directConsumer.csproj", "{D2117042-FDD2-425C-B2C7-B5D67C4FECD0}"
EndProject
Project("{9A19103F-16F7-4668-BE54-9A1E7A4F7556}") = "directConsumer1", "direct\directConsumer1\directConsumer1.csproj", "{C29FB315-3690-4DDA-AD49-05BFE4661A1C}"
EndProject
Project("{9A19103F-16F7-4668-BE54-9A1E7A4F7556}") = "directProducer", "direct\directProducer\directProducer.csproj", "{8A594EEC-6CEA-45A7-B221-607709B38DF6}"
EndProject
Project("{2150E333-8FDC-42A3-9474-1A3956D46DE8}") = "simple", "simple", "{26989FBD-D7C9-4ADA-AB34-F2520FD15F95}"
EndProject
Project("{9A19103F-16F7-4668-BE54-9A1E7A4F7556}") = "TestRabbitmqConsumer", "simple\TestRabbitmqConsumer\TestRabbitmqConsumer.csproj", "{87DAA3BE-D263-43AD-9900-CC4FB926ADE2}"
EndProject
Project("{9A19103F-16F7-4668-BE54-9A1E7A4F7556}") = "TestRabbitmqProducer", "simple\TestRabbitmqProducer\TestRabbitmqProducer.csproj", "{19CE4898-B199-42FF-BDE6-F1C30CB91C4D}"
EndProject
Project("{2150E333-8FDC-42A3-9474-1A3956D46DE8}") = "deadletter", "deadletter", "{D82DB735-4EFB-4365-86E2-310CC0B9AC93}"
EndProject
Project("{FAE04EC0-301F-11D3-BF4B-00C04F79EFBC}") = "deadletterProducer", "deadletterProducer\deadletterProducer.csproj", "{1B5BF34E-AC75-4945-B4AC-9241E6DCC0CF}"
EndProject
Project("{FAE04EC0-301F-11D3-BF4B-00C04F79EFBC}") = "deadletterConsumer", "deadletterConsumer\deadletterConsumer.csproj", "{169F0910-268A-4942-BAAB-2A48C9740035}"
EndProject
Project("{FAE04EC0-301F-11D3-BF4B-00C04F79EFBC}") = "deadletterConsumer1", "deadletterConsumer1\deadletterConsumer1.csproj", "{1B698A7B-6BA3-4674-84C5-339363E75658}"
EndProject
Global
	GlobalSection(SolutionConfigurationPlatforms) = preSolution
		Debug|Any CPU = Debug|Any CPU
		Release|Any CPU = Release|Any CPU
	EndGlobalSection
	GlobalSection(ProjectConfigurationPlatforms) = postSolution
		{D3A63D85-4710-40B0-8C77-9150FFB46261}.Debug|Any CPU.ActiveCfg = Debug|Any CPU
		{D3A63D85-4710-40B0-8C77-9150FFB46261}.Debug|Any CPU.Build.0 = Debug|Any CPU
		{D3A63D85-4710-40B0-8C77-9150FFB46261}.Release|Any CPU.ActiveCfg = Release|Any CPU
		{D3A63D85-4710-40B0-8C77-9150FFB46261}.Release|Any CPU.Build.0 = Release|Any CPU
		{E6408325-40EC-449B-8365-B9EFE10B4BB2}.Debug|Any CPU.ActiveCfg = Debug|Any CPU
		{E6408325-40EC-449B-8365-B9EFE10B4BB2}.Debug|Any CPU.Build.0 = Debug|Any CPU
		{E6408325-40EC-449B-8365-B9EFE10B4BB2}.Release|Any CPU.ActiveCfg = Release|Any CPU
		{E6408325-40EC-449B-8365-B9EFE10B4BB2}.Release|Any CPU.Build.0 = Release|Any CPU
		{8AF77C0C-A0F9-439E-80C6-78F25E65BAC0}.Debug|Any CPU.ActiveCfg = Debug|Any CPU
		{8AF77C0C-A0F9-439E-80C6-78F25E65BAC0}.Debug|Any CPU.Build.0 = Debug|Any CPU
		{8AF77C0C-A0F9-439E-80C6-78F25E65BAC0}.Release|Any CPU.ActiveCfg = Release|Any CPU
		{8AF77C0C-A0F9-439E-80C6-78F25E65BAC0}.Release|Any CPU.Build.0 = Release|Any CPU
		{8AD49217-FECA-49A6-B24A-C3B6C204AC20}.Debug|Any CPU.ActiveCfg = Debug|Any CPU
		{8AD49217-FECA-49A6-B24A-C3B6C204AC20}.Debug|Any CPU.Build.0 = Debug|Any CPU
		{8AD49217-FECA-49A6-B24A-C3B6C204AC20}.Release|Any CPU.ActiveCfg = Release|Any CPU
		{8AD49217-FECA-49A6-B24A-C3B6C204AC20}.Release|Any CPU.Build.0 = Release|Any CPU
		{4FC7C5B0-15C8-49B9-86AA-B9EC3DBEA420}.Debug|Any CPU.ActiveCfg = Debug|Any CPU
		{4FC7C5B0-15C8-49B9-86AA-B9EC3DBEA420}.Debug|Any CPU.Build.0 = Debug|Any CPU
		{4FC7C5B0-15C8-49B9-86AA-B9EC3DBEA420}.Release|Any CPU.ActiveCfg = Release|Any CPU
		{4FC7C5B0-15C8-49B9-86AA-B9EC3DBEA420}.Release|Any CPU.Build.0 = Release|Any CPU
		{56ACCFCA-9013-4531-B7C0-B44ABC1739F4}.Debug|Any CPU.ActiveCfg = Debug|Any CPU
		{56ACCFCA-9013-4531-B7C0-B44ABC1739F4}.Debug|Any CPU.Build.0 = Debug|Any CPU
		{56ACCFCA-9013-4531-B7C0-B44ABC1739F4}.Release|Any CPU.ActiveCfg = Release|Any CPU
		{56ACCFCA-9013-4531-B7C0-B44ABC1739F4}.Release|Any CPU.Build.0 = Release|Any CPU
		{9F0BF10B-3103-4249-A01C-DA33222C156D}.Debug|Any CPU.ActiveCfg = Debug|Any CPU
		{9F0BF10B-3103-4249-A01C-DA33222C156D}.Debug|Any CPU.Build.0 = Debug|Any CPU
		{9F0BF10B-3103-4249-A01C-DA33222C156D}.Release|Any CPU.ActiveCfg = Release|Any CPU
		{9F0BF10B-3103-4249-A01C-DA33222C156D}.Release|Any CPU.Build.0 = Release|Any CPU
		{05062144-8CC5-4411-9FE1-4E93D0D78D9D}.Debug|Any CPU.ActiveCfg = Debug|Any CPU
		{05062144-8CC5-4411-9FE1-4E93D0D78D9D}.Debug|Any CPU.Build.0 = Debug|Any CPU
		{05062144-8CC5-4411-9FE1-4E93D0D78D9D}.Release|Any CPU.ActiveCfg = Release|Any CPU
		{05062144-8CC5-4411-9FE1-4E93D0D78D9D}.Release|Any CPU.Build.0 = Release|Any CPU
		{283F2A68-0084-4C4C-8C52-23794CC786BD}.Debug|Any CPU.ActiveCfg = Debug|Any CPU
		{283F2A68-0084-4C4C-8C52-23794CC786BD}.Debug|Any CPU.Build.0 = Debug|Any CPU
		{283F2A68-0084-4C4C-8C52-23794CC786BD}.Release|Any CPU.ActiveCfg = Release|Any CPU
		{283F2A68-0084-4C4C-8C52-23794CC786BD}.Release|Any CPU.Build.0 = Release|Any CPU
		{BE6DF51F-8784-4E9D-BB70-6BE1767F6A86}.Debug|Any CPU.ActiveCfg = Debug|Any CPU
		{BE6DF51F-8784-4E9D-BB70-6BE1767F6A86}.Debug|Any CPU.Build.0 = Debug|Any CPU
		{BE6DF51F-8784-4E9D-BB70-6BE1767F6A86}.Release|Any CPU.ActiveCfg = Release|Any CPU
		{BE6DF51F-8784-4E9D-BB70-6BE1767F6A86}.Release|Any CPU.Build.0 = Release|Any CPU
		{9A66C07E-C465-4081-A276-B1588E14E99B}.Debug|Any CPU.ActiveCfg = Debug|Any CPU
		{9A66C07E-C465-4081-A276-B1588E14E99B}.Debug|Any CPU.Build.0 = Debug|Any CPU
		{9A66C07E-C465-4081-A276-B1588E14E99B}.Release|Any CPU.ActiveCfg = Release|Any CPU
		{9A66C07E-C465-4081-A276-B1588E14E99B}.Release|Any CPU.Build.0 = Release|Any CPU
		{995D509C-FCF6-4C84-A463-509CFA4B77E8}.Debug|Any CPU.ActiveCfg = Debug|Any CPU
		{995D509C-FCF6-4C84-A463-509CFA4B77E8}.Debug|Any CPU.Build.0 = Debug|Any CPU
		{995D509C-FCF6-4C84-A463-509CFA4B77E8}.Release|Any CPU.ActiveCfg = Release|Any CPU
		{995D509C-FCF6-4C84-A463-509CFA4B77E8}.Release|Any CPU.Build.0 = Release|Any CPU
		{B8C7A885-BFBE-48BA-B15A-28A8D4798FED}.Debug|Any CPU.ActiveCfg = Debug|Any CPU
		{B8C7A885-BFBE-48BA-B15A-28A8D4798FED}.Debug|Any CPU.Build.0 = Debug|Any CPU
		{B8C7A885-BFBE-48BA-B15A-28A8D4798FED}.Release|Any CPU.ActiveCfg = Release|Any CPU
		{B8C7A885-BFBE-48BA-B15A-28A8D4798FED}.Release|Any CPU.Build.0 = Release|Any CPU
		{FAA6CEBE-23C9-430B-8580-C7644E1208CC}.Debug|Any CPU.ActiveCfg = Debug|Any CPU
		{FAA6CEBE-23C9-430B-8580-C7644E1208CC}.Debug|Any CPU.Build.0 = Debug|Any CPU
		{FAA6CEBE-23C9-430B-8580-C7644E1208CC}.Release|Any CPU.ActiveCfg = Release|Any CPU
		{FAA6CEBE-23C9-430B-8580-C7644E1208CC}.Release|Any CPU.Build.0 = Release|Any CPU
		{F5A73B44-39D4-46C1-A24C-A82265256A8B}.Debug|Any CPU.ActiveCfg = Debug|Any CPU
		{F5A73B44-39D4-46C1-A24C-A82265256A8B}.Debug|Any CPU.Build.0 = Debug|Any CPU
		{F5A73B44-39D4-46C1-A24C-A82265256A8B}.Release|Any CPU.ActiveCfg = Release|Any CPU
		{F5A73B44-39D4-46C1-A24C-A82265256A8B}.Release|Any CPU.Build.0 = Release|Any CPU
		{4CC8FDBF-DFA1-4B17-9447-5D55D79E4D8C}.Debug|Any CPU.ActiveCfg = Debug|Any CPU
		{4CC8FDBF-DFA1-4B17-9447-5D55D79E4D8C}.Debug|Any CPU.Build.0 = Debug|Any CPU
		{4CC8FDBF-DFA1-4B17-9447-5D55D79E4D8C}.Release|Any CPU.ActiveCfg = Release|Any CPU
		{4CC8FDBF-DFA1-4B17-9447-5D55D79E4D8C}.Release|Any CPU.Build.0 = Release|Any CPU
		{D2117042-FDD2-425C-B2C7-B5D67C4FECD0}.Debug|Any CPU.ActiveCfg = Debug|Any CPU
		{D2117042-FDD2-425C-B2C7-B5D67C4FECD0}.Debug|Any CPU.Build.0 = Debug|Any CPU
		{D2117042-FDD2-425C-B2C7-B5D67C4FECD0}.Release|Any CPU.ActiveCfg = Release|Any CPU
		{D2117042-FDD2-425C-B2C7-B5D67C4FECD0}.Release|Any CPU.Build.0 = Release|Any CPU
		{C29FB315-3690-4DDA-AD49-05BFE4661A1C}.Debug|Any CPU.ActiveCfg = Debug|Any CPU
		{C29FB315-3690-4DDA-AD49-05BFE4661A1C}.Debug|Any CPU.Build.0 = Debug|Any CPU
		{C29FB315-3690-4DDA-AD49-05BFE4661A1C}.Release|Any CPU.ActiveCfg = Release|Any CPU
		{C29FB315-3690-4DDA-AD49-05BFE4661A1C}.Release|Any CPU.Build.0 = Release|Any CPU
		{8A594EEC-6CEA-45A7-B221-607709B38DF6}.Debug|Any CPU.ActiveCfg = Debug|Any CPU
		{8A594EEC-6CEA-45A7-B221-607709B38DF6}.Debug|Any CPU.Build.0 = Debug|Any CPU
		{8A594EEC-6CEA-45A7-B221-607709B38DF6}.Release|Any CPU.ActiveCfg = Release|Any CPU
		{8A594EEC-6CEA-45A7-B221-607709B38DF6}.Release|Any CPU.Build.0 = Release|Any CPU
		{87DAA3BE-D263-43AD-9900-CC4FB926ADE2}.Debug|Any CPU.ActiveCfg = Debug|Any CPU
		{87DAA3BE-D263-43AD-9900-CC4FB926ADE2}.Debug|Any CPU.Build.0 = Debug|Any CPU
		{87DAA3BE-D263-43AD-9900-CC4FB926ADE2}.Release|Any CPU.ActiveCfg = Release|Any CPU
		{87DAA3BE-D263-43AD-9900-CC4FB926ADE2}.Release|Any CPU.Build.0 = Release|Any CPU
		{19CE4898-B199-42FF-BDE6-F1C30CB91C4D}.Debug|Any CPU.ActiveCfg = Debug|Any CPU
		{19CE4898-B199-42FF-BDE6-F1C30CB91C4D}.Debug|Any CPU.Build.0 = Debug|Any CPU
		{19CE4898-B199-42FF-BDE6-F1C30CB91C4D}.Release|Any CPU.ActiveCfg = Release|Any CPU
		{19CE4898-B199-42FF-BDE6-F1C30CB91C4D}.Release|Any CPU.Build.0 = Release|Any CPU
		{1B5BF34E-AC75-4945-B4AC-9241E6DCC0CF}.Debug|Any CPU.ActiveCfg = Debug|Any CPU
		{1B5BF34E-AC75-4945-B4AC-9241E6DCC0CF}.Debug|Any CPU.Build.0 = Debug|Any CPU
		{1B5BF34E-AC75-4945-B4AC-9241E6DCC0CF}.Release|Any CPU.ActiveCfg = Release|Any CPU
		{1B5BF34E-AC75-4945-B4AC-9241E6DCC0CF}.Release|Any CPU.Build.0 = Release|Any CPU
		{169F0910-268A-4942-BAAB-2A48C9740035}.Debug|Any CPU.ActiveCfg = Debug|Any CPU
		{169F0910-268A-4942-BAAB-2A48C9740035}.Debug|Any CPU.Build.0 = Debug|Any CPU
		{169F0910-268A-4942-BAAB-2A48C9740035}.Release|Any CPU.ActiveCfg = Release|Any CPU
		{169F0910-268A-4942-BAAB-2A48C9740035}.Release|Any CPU.Build.0 = Release|Any CPU
		{1B698A7B-6BA3-4674-84C5-339363E75658}.Debug|Any CPU.ActiveCfg = Debug|Any CPU
		{1B698A7B-6BA3-4674-84C5-339363E75658}.Debug|Any CPU.Build.0 = Debug|Any CPU
		{1B698A7B-6BA3-4674-84C5-339363E75658}.Release|Any CPU.ActiveCfg = Release|Any CPU
		{1B698A7B-6BA3-4674-84C5-339363E75658}.Release|Any CPU.Build.0 = Release|Any CPU
	EndGlobalSection
	GlobalSection(SolutionProperties) = preSolution
		HideSolutionNode = FALSE
	EndGlobalSection
	GlobalSection(NestedProjects) = preSolution
		{E6408325-40EC-449B-8365-B9EFE10B4BB2} = {75226399-4042-4990-9340-161420C4E917}
		{8AF77C0C-A0F9-439E-80C6-78F25E65BAC0} = {75226399-4042-4990-9340-161420C4E917}
		{8AD49217-FECA-49A6-B24A-C3B6C204AC20} = {75226399-4042-4990-9340-161420C4E917}
		{4FC7C5B0-15C8-49B9-86AA-B9EC3DBEA420} = {FAA53492-B21F-44EF-9135-33915FBF1FD9}
		{56ACCFCA-9013-4531-B7C0-B44ABC1739F4} = {FAA53492-B21F-44EF-9135-33915FBF1FD9}
		{9F0BF10B-3103-4249-A01C-DA33222C156D} = {FAA53492-B21F-44EF-9135-33915FBF1FD9}
		{05062144-8CC5-4411-9FE1-4E93D0D78D9D} = {0446CAB4-6E00-4D67-9505-43AD82B9B459}
		{283F2A68-0084-4C4C-8C52-23794CC786BD} = {0446CAB4-6E00-4D67-9505-43AD82B9B459}
		{BE6DF51F-8784-4E9D-BB70-6BE1767F6A86} = {0446CAB4-6E00-4D67-9505-43AD82B9B459}
		{9A66C07E-C465-4081-A276-B1588E14E99B} = {BA3D3609-F59A-47B6-AEED-4A4731B07987}
		{995D509C-FCF6-4C84-A463-509CFA4B77E8} = {BA3D3609-F59A-47B6-AEED-4A4731B07987}
		{B8C7A885-BFBE-48BA-B15A-28A8D4798FED} = {BA3D3609-F59A-47B6-AEED-4A4731B07987}
		{FAA6CEBE-23C9-430B-8580-C7644E1208CC} = {74B69A22-0170-451F-8774-854CBEF0F227}
		{F5A73B44-39D4-46C1-A24C-A82265256A8B} = {74B69A22-0170-451F-8774-854CBEF0F227}
		{4CC8FDBF-DFA1-4B17-9447-5D55D79E4D8C} = {74B69A22-0170-451F-8774-854CBEF0F227}
		{D2117042-FDD2-425C-B2C7-B5D67C4FECD0} = {BE0CA6D3-DA3C-4949-A914-CD784AFFC998}
		{C29FB315-3690-4DDA-AD49-05BFE4661A1C} = {BE0CA6D3-DA3C-4949-A914-CD784AFFC998}
		{8A594EEC-6CEA-45A7-B221-607709B38DF6} = {BE0CA6D3-DA3C-4949-A914-CD784AFFC998}
		{87DAA3BE-D263-43AD-9900-CC4FB926ADE2} = {26989FBD-D7C9-4ADA-AB34-F2520FD15F95}
		{19CE4898-B199-42FF-BDE6-F1C30CB91C4D} = {26989FBD-D7C9-4ADA-AB34-F2520FD15F95}
		{1B5BF34E-AC75-4945-B4AC-9241E6DCC0CF} = {D82DB735-4EFB-4365-86E2-310CC0B9AC93}
		{169F0910-268A-4942-BAAB-2A48C9740035} = {D82DB735-4EFB-4365-86E2-310CC0B9AC93}
		{1B698A7B-6BA3-4674-84C5-339363E75658} = {D82DB735-4EFB-4365-86E2-310CC0B9AC93}
	EndGlobalSection
	GlobalSection(ExtensibilityGlobals) = postSolution
		SolutionGuid = {520F2DAC-8A19-4F1D-BDE4-B2BED1F9AC1D}
	EndGlobalSection
EndGlobal
